
Microsoft Visual Studio Solution File, Format Version 12.00
# Visual Studio Version 17
VisualStudioVersion = 17.7.34009.444
MinimumVisualStudioVersion = 10.0.40219.1
Project("{9A19103F-16F7-4668-BE54-9A1E7A4F7556}") = "SpeedLimitApi", "SpeedLimitApi\SpeedLimitApi.csproj", "{BC80C717-C5BD-493D-8464-3C71A23D4265}"
EndProject
Project("{9A19103F-16F7-4668-BE54-9A1E7A4F7556}") = "SpeedLimitApi.Test", "SpeedLimitApi.Test\SpeedLimitApi.Test.csproj", "{ADB7B611-1246-476C-A6CE-FA4A9A8060B6}"
EndProject
Project("{FAE04EC0-301F-11D3-BF4B-00C04F79EFBC}") = "SpidLimitApi.Benchmark", "SpidLimitApi.Benchmark\SpidLimitApi.Benchmark.csproj", "{A979741F-5D3A-47BD-A567-53C300B12B85}"
EndProject
Global
	GlobalSection(SolutionConfigurationPlatforms) = preSolution
		Debug|Any CPU = Debug|Any CPU
		Release|Any CPU = Release|Any CPU
	EndGlobalSection
	GlobalSection(ProjectConfigurationPlatforms) = postSolution
		{BC80C717-C5BD-493D-8464-3C71A23D4265}.Debug|Any CPU.ActiveCfg = Debug|Any CPU
		{BC80C717-C5BD-493D-8464-3C71A23D4265}.Debug|Any CPU.Build.0 = Debug|Any CPU
		{BC80C717-C5BD-493D-8464-3C71A23D4265}.Release|Any CPU.ActiveCfg = Release|Any CPU
		{BC80C717-C5BD-493D-8464-3C71A23D4265}.Release|Any CPU.Build.0 = Release|Any CPU
		{ADB7B611-1246-476C-A6CE-FA4A9A8060B6}.Debug|Any CPU.ActiveCfg = Debug|Any CPU
		{ADB7B611-1246-476C-A6CE-FA4A9A8060B6}.Debug|Any CPU.Build.0 = Debug|Any CPU
		{ADB7B611-1246-476C-A6CE-FA4A9A8060B6}.Release|Any CPU.ActiveCfg = Release|Any CPU
		{ADB7B611-1246-476C-A6CE-FA4A9A8060B6}.Release|Any CPU.Build.0 = Release|Any CPU
		{A979741F-5D3A-47BD-A567-53C300B12B85}.Debug|Any CPU.ActiveCfg = Debug|Any CPU
		{A979741F-5D3A-47BD-A567-53C300B12B85}.Debug|Any CPU.Build.0 = Debug|Any CPU
		{A979741F-5D3A-47BD-A567-53C300B12B85}.Release|Any CPU.ActiveCfg = Release|Any CPU
		{A979741F-5D3A-47BD-A567-53C300B12B85}.Release|Any CPU.Build.0 = Release|Any CPU
	EndGlobalSection
	GlobalSection(SolutionProperties) = preSolution
		HideSolutionNode = FALSE
	EndGlobalSection
	GlobalSection(ExtensibilityGlobals) = postSolution
		SolutionGuid = {FDB6BDCB-2993-4A5E-BCB5-C71135E3ADB9}
	EndGlobalSection
EndGlobal
